PODS:
  - BMSAnalyticsAPI (2.3.1)
  - BMSCore (2.4.0):
    - BMSAnalyticsAPI (~> 2.3)
  - BMSPush (3.4.3):
    - BMSCore (~> 2.4)

DEPENDENCIES:
  - BMSCore (~> 2.0)
  - BMSPush (~> 3.0)

SPEC REPOS:
  https://github.com/cocoapods/specs.git:
    - BMSAnalyticsAPI
    - BMSCore
    - BMSPush

SPEC CHECKSUMS:
  BMSAnalyticsAPI: f9c740eb3c0857c0955e58a10321a96b5d85304e
  BMSCore: 73cccdaec5452ab5183afc01e85881bbb8137ef7
  BMSPush: 561c1e07235decf12092a0b41b9e2a1125fd545f

PODFILE CHECKSUM: 79e4376e677bb16f86e31e3230568bd725021607

COCOAPODS: 1.7.4
